
Microsoft Visual Studio Solution File, Format Version 12.00
# Visual Studio 15
VisualStudioVersion = 15.0.28307.136
MinimumVisualStudioVersion = 10.0.40219.1
Project("{9A19103F-16F7-4668-BE54-9A1E7A4F7556}") = "ValuationReport", "ValuationReport.csproj", "{CFCB8EF4-FFBA-43DD-8A98-9E12ED9B79F5}"
EndProject
Global
	GlobalSection(SolutionConfigurationPlatforms) = preSolution
		Debug|Any CPU = Debug|Any CPU
		Release|Any CPU = Release|Any CPU
	EndGlobalSection
	GlobalSection(ProjectConfigurationPlatforms) = postSolution
		{CFCB8EF4-FFBA-43DD-8A98-9E12ED9B79F5}.Debug|Any CPU.ActiveCfg = Debug|Any CPU
		{CFCB8EF4-FFBA-43DD-8A98-9E12ED9B79F5}.Debug|Any CPU.Build.0 = Debug|Any CPU
		{CFCB8EF4-FFBA-43DD-8A98-9E12ED9B79F5}.Release|Any CPU.ActiveCfg = Release|Any CPU
		{CFCB8EF4-FFBA-43DD-8A98-9E12ED9B79F5}.Release|Any CPU.Build.0 = Release|Any CPU
	EndGlobalSection
	GlobalSection(SolutionProperties) = preSolution
		HideSolutionNode = FALSE
	EndGlobalSection
	GlobalSection(ExtensibilityGlobals) = postSolution
		SolutionGuid = {1CB0707D-250D-49ED-B803-67C856E69B46}
	EndGlobalSection
EndGlobal
